
Microsoft Visual Studio Solution File, Format Version 12.00
# Visual Studio 14
VisualStudioVersion = 14.0.25420.1
MinimumVisualStudioVersion = 10.0.40219.1
Project("{FAE04EC0-301F-11D3-BF4B-00C04F79EFBC}") = "UserService", "UserService\UserService.csproj", "{3692A39D-B4F0-4C99-B225-E02C6214FF8E}"
EndProject
Project("{FAE04EC0-301F-11D3-BF4B-00C04F79EFBC}") = "UserService.Tests", "UserService.Tests\UserService.Tests.csproj", "{9F6168C1-0B34-44A6-9CCD-86F1A1939E3A}"
EndProject
Project("{FAE04EC0-301F-11D3-BF4B-00C04F79EFBC}") = "EventsTester", "EventsTester\EventsTester.csproj", "{8044E2B8-9B94-4F95-BF3B-32FAE465FB4E}"
EndProject
Global
	GlobalSection(SolutionConfigurationPlatforms) = preSolution
		Debug|Any CPU = Debug|Any CPU
		Release|Any CPU = Release|Any CPU
	EndGlobalSection
	GlobalSection(ProjectConfigurationPlatforms) = postSolution
		{3692A39D-B4F0-4C99-B225-E02C6214FF8E}.Debug|Any CPU.ActiveCfg = Debug|Any CPU
		{3692A39D-B4F0-4C99-B225-E02C6214FF8E}.Debug|Any CPU.Build.0 = Debug|Any CPU
		{3692A39D-B4F0-4C99-B225-E02C6214FF8E}.Release|Any CPU.ActiveCfg = Release|Any CPU
		{3692A39D-B4F0-4C99-B225-E02C6214FF8E}.Release|Any CPU.Build.0 = Release|Any CPU
		{9F6168C1-0B34-44A6-9CCD-86F1A1939E3A}.Debug|Any CPU.ActiveCfg = Debug|Any CPU
		{9F6168C1-0B34-44A6-9CCD-86F1A1939E3A}.Debug|Any CPU.Build.0 = Debug|Any CPU
		{9F6168C1-0B34-44A6-9CCD-86F1A1939E3A}.Release|Any CPU.ActiveCfg = Release|Any CPU
		{9F6168C1-0B34-44A6-9CCD-86F1A1939E3A}.Release|Any CPU.Build.0 = Release|Any CPU
		{8044E2B8-9B94-4F95-BF3B-32FAE465FB4E}.Debug|Any CPU.ActiveCfg = Debug|Any CPU
		{8044E2B8-9B94-4F95-BF3B-32FAE465FB4E}.Debug|Any CPU.Build.0 = Debug|Any CPU
		{8044E2B8-9B94-4F95-BF3B-32FAE465FB4E}.Release|Any CPU.ActiveCfg = Release|Any CPU
		{8044E2B8-9B94-4F95-BF3B-32FAE465FB4E}.Release|Any CPU.Build.0 = Release|Any CPU
	EndGlobalSection
	GlobalSection(SolutionProperties) = preSolution
		HideSolutionNode = FALSE
	EndGlobalSection
EndGlobal
